// !$*UTF8*$!
{
	archiveVersion = 1;
	classes = {
	};
	objectVersion = 48;
	objects = {

/* Begin PBXBuildFile section */
		1C10F37641523840519DA37E /* libPods-ViolaSDK.a in Frameworks */ = {isa = PBXBuildFile; fileRef = 81E0BFB4061778097807BAD1 /* libPods-ViolaSDK.a */; };
		2D1B694920E9FEA200F03E33 /* VAImageHandler.m in Sources */ = {isa = PBXBuildFile; fileRef = 2D1B694820E9FEA200F03E33 /* VAImageHandler.m */; };
		2D1B694C20EB877C00F03E33 /* VAWrapView.m in Sources */ = {isa = PBXBuildFile; fileRef = 2D1B694B20EB877C00F03E33 /* VAWrapView.m */; };
		C6B2FAAE20EBBD0E005453DF /* VAModalUIModule.m in Sources */ = {isa = PBXBuildFile; fileRef = C6B2FAAD20EBBD0E005453DF /* VAModalUIModule.m */; };
		FF17DDF920E3D4ED008F29B3 /* viola_main.js in Resources */ = {isa = PBXBuildFile; fileRef = FF17DDF820E3D4EC008F29B3 /* viola_main.js */; };
		FF66078F20DBA1A300A99EE0 /* AppDelegate.m in Sources */ = {isa = PBXBuildFile; fileRef = FF66078E20DBA1A300A99EE0 /* AppDelegate.m */; };
		FF66079220DBA1A300A99EE0 /* ViewController.m in Sources */ = {isa = PBXBuildFile; fileRef = FF66079120DBA1A300A99EE0 /* ViewController.m */; };
		FF66079520DBA1A300A99EE0 /* Main.storyboard in Resources */ = {isa = PBXBuildFile; fileRef = FF66079320DBA1A300A99EE0 /* Main.storyboard */; };
		FF66079720DBA1A300A99EE0 /* Assets.xcassets in Resources */ = {isa = PBXBuildFile; fileRef = FF66079620DBA1A300A99EE0 /* Assets.xcassets */; };
		FF66079A20DBA1A300A99EE0 /* LaunchScreen.storyboard in Resources */ = {isa = PBXBuildFile; fileRef = FF66079820DBA1A300A99EE0 /* LaunchScreen.storyboard */; };
		FF66079D20DBA1A300A99EE0 /* main.m in Sources */ = {isa = PBXBuildFile; fileRef = FF66079C20DBA1A300A99EE0 /* main.m */; };
		FF6607A720DBA1A300A99EE0 /* ViolaSDKTests.m in Sources */ = {isa = PBXBuildFile; fileRef = FF6607A620DBA1A300A99EE0 /* ViolaSDKTests.m */; };
		FF6607B220DBA1A300A99EE0 /* ViolaSDKUITests.m in Sources */ = {isa = PBXBuildFile; fileRef = FF6607B120DBA1A300A99EE0 /* ViolaSDKUITests.m */; };
		FF6607EE20DBA23B00A99EE0 /* ViolaEngine.m in Sources */ = {isa = PBXBuildFile; fileRef = FF6607C120DBA23B00A99EE0 /* ViolaEngine.m */; };
		FF6607EF20DBA23B00A99EE0 /* ViolaInstance.m in Sources */ = {isa = PBXBuildFile; fileRef = FF6607C620DBA23B00A99EE0 /* ViolaInstance.m */; };
		FF6607F020DBA23B00A99EE0 /* VAComponentController.m in Sources */ = {isa = PBXBuildFile; fileRef = FF6607C720DBA23B00A99EE0 /* VAComponentController.m */; };
		FF6607F120DBA23B00A99EE0 /* VAComponent.m in Sources */ = {isa = PBXBuildFile; fileRef = FF6607C820DBA23B00A99EE0 /* VAComponent.m */; };
		FF6607F220DBA23B00A99EE0 /* VABridgeCategory.m in Sources */ = {isa = PBXBuildFile; fileRef = FF6607CA20DBA23B00A99EE0 /* VABridgeCategory.m */; };
		FF6607F320DBA23B00A99EE0 /* VAMethod.m in Sources */ = {isa = PBXBuildFile; fileRef = FF6607CB20DBA23B00A99EE0 /* VAMethod.m */; };
		FF6607F420DBA23B00A99EE0 /* VAJSBridge.m in Sources */ = {isa = PBXBuildFile; fileRef = FF6607CC20DBA23B00A99EE0 /* VAJSBridge.m */; };
		FF6607F520DBA23B00A99EE0 /* VAJSContext.m in Sources */ = {isa = PBXBuildFile; fileRef = FF6607CD20DBA23B00A99EE0 /* VAJSContext.m */; };
		FF6607F620DBA23B00A99EE0 /* VADomModule.m in Sources */ = {isa = PBXBuildFile; fileRef = FF6607D420DBA23B00A99EE0 /* VADomModule.m */; };
		FF6607F820DBA23B00A99EE0 /* VAConvertUtl.m in Sources */ = {isa = PBXBuildFile; fileRef = FF6607D720DBA23B00A99EE0 /* VAConvertUtl.m */; };
		FF6607F920DBA23B00A99EE0 /* VALog.m in Sources */ = {isa = PBXBuildFile; fileRef = FF6607DB20DBA23B00A99EE0 /* VALog.m */; };
		FF6607FA20DBA23B00A99EE0 /* VAUtil.m in Sources */ = {isa = PBXBuildFile; fileRef = FF6607DD20DBA23B00A99EE0 /* VAUtil.m */; };
		FF6607FB20DBA23B00A99EE0 /* VARegisterManager.m in Sources */ = {isa = PBXBuildFile; fileRef = FF6607E220DBA23B00A99EE0 /* VARegisterManager.m */; };
		FF6607FC20DBA23B00A99EE0 /* VAThreadManager.m in Sources */ = {isa = PBXBuildFile; fileRef = FF6607E320DBA23B00A99EE0 /* VAThreadManager.m */; };
		FF6607FD20DBA23B00A99EE0 /* VABridgeManager.m in Sources */ = {isa = PBXBuildFile; fileRef = FF6607E520DBA23B00A99EE0 /* VABridgeManager.m */; };
		FF6607FE20DBA23B00A99EE0 /* VAInstanceManager.m in Sources */ = {isa = PBXBuildFile; fileRef = FF6607E620DBA23B00A99EE0 /* VAInstanceManager.m */; };
		FF6607FF20DBA23B00A99EE0 /* VARootView.m in Sources */ = {isa = PBXBuildFile; fileRef = FF6607ED20DBA23B00A99EE0 /* VARootView.m */; };
		FF66080520DBA8B000A99EE0 /* viola_test.js in Resources */ = {isa = PBXBuildFile; fileRef = FF66080420DBA8B000A99EE0 /* viola_test.js */; };
		FF760ECF20E9CE5A001949F0 /* VAImageComponent.m in Sources */ = {isa = PBXBuildFile; fileRef = FF760ECE20E9CE5A001949F0 /* VAImageComponent.m */; };
		FF760ED620EA7B5E001949F0 /* VAScrollerComponent.m in Sources */ = {isa = PBXBuildFile; fileRef = FF760ED520EA7B5E001949F0 /* VAScrollerComponent.m */; };
		FFB278B520DE463C009FD859 /* VADivComponent.m in Sources */ = {isa = PBXBuildFile; fileRef = FFB278B420DE463C009FD859 /* VADivComponent.m */; };
		FFB278BC20DE9AED009FD859 /* Layout.c in Sources */ = {isa = PBXBuildFile; fileRef = FFB278BB20DE9AED009FD859 /* Layout.c */; };
		FFB278C220DE9C41009FD859 /* VAComponent+layout.m in Sources */ = {isa = PBXBuildFile; fileRef = FFB278C120DE9C41009FD859 /* VAComponent+layout.m */; };
		FFB278C720E0F6C9009FD859 /* VAComponent+view.m in Sources */ = {isa = PBXBuildFile; fileRef = FFB278C620E0F6C9009FD859 /* VAComponent+view.m */; };
		FFB278CA20E0FD14009FD859 /* VAWeakObject.m in Sources */ = {isa = PBXBuildFile; fileRef = FFB278C920E0FD14009FD859 /* VAWeakObject.m */; };
		FFB278CD20E12822009FD859 /* VAComponent+event.m in Sources */ = {isa = PBXBuildFile; fileRef = FFB278CC20E12822009FD859 /* VAComponent+event.m */; };
		FFB2793820E206AB009FD859 /* TestViewController.m in Sources */ = {isa = PBXBuildFile; fileRef = FFB2793720E206AB009FD859 /* TestViewController.m */; };
		FFBC38D420E5FA2100D3D806 /* RIJAsyncLabel.m in Sources */ = {isa = PBXBuildFile; fileRef = FFBC38D220E5FA2100D3D806 /* RIJAsyncLabel.m */; };
		FFBC38D720E5FAE300D3D806 /* VATextComponent.m in Sources */ = {isa = PBXBuildFile; fileRef = FFBC38D620E5FAE300D3D806 /* VATextComponent.m */; };
		FFF1D5C220EC99D3002F4A81 /* VABaseViewController.m in Sources */ = {isa = PBXBuildFile; fileRef = FFF1D5C020EC99D3002F4A81 /* VABaseViewController.m */; };
		FFF1D5C520EC9A09002F4A81 /* VAViewController.m in Sources */ = {isa = PBXBuildFile; fileRef = FFF1D5C420EC9A09002F4A81 /* VAViewController.m */; };
		FFF1D5C920ECC856002F4A81 /* VABundleManager.m in Sources */ = {isa = PBXBuildFile; fileRef = FFF1D5C820ECC856002F4A81 /* VABundleManager.m */; };
		FFF1D5CF20ECE536002F4A81 /* QLXHttpRequest.m in Sources */ = {isa = PBXBuildFile; fileRef = FFF1D5CB20ECE536002F4A81 /* QLXHttpRequest.m */; };
		FFF1D5D020ECE536002F4A81 /* QLXHttpRequestTool.m in Sources */ = {isa = PBXBuildFile; fileRef = FFF1D5CD20ECE536002F4A81 /* QLXHttpRequestTool.m */; };
		FFF1D5D720ED0B03002F4A81 /* VAHttpModule.m in Sources */ = {isa = PBXBuildFile; fileRef = FFF1D5D620ED0B03002F4A81 /* VAHttpModule.m */; };
		FFF1D5DA20ED0CC2002F4A81 /* VAAnimationModule.m in Sources */ = {isa = PBXBuildFile; fileRef = FFF1D5D920ED0CC2002F4A81 /* VAAnimationModule.m */; };
/* End PBXBuildFile section */

/* Begin PBXContainerItemProxy section */
		FF6607A320DBA1A300A99EE0 /* PBXContainerItemProxy */ = {
			isa = PBXContainerItemProxy;
			containerPortal = FF66078220DBA1A300A99EE0 /* Project object */;
			proxyType = 1;
			remoteGlobalIDString = FF66078920DBA1A300A99EE0;
			remoteInfo = ViolaSDK;
		};
		FF6607AE20DBA1A300A99EE0 /* PBXContainerItemProxy */ = {
			isa = PBXContainerItemProxy;
			containerPortal = FF66078220DBA1A300A99EE0 /* Project object */;
			proxyType = 1;
			remoteGlobalIDString = FF66078920DBA1A300A99EE0;
			remoteInfo = ViolaSDK;
		};
/* End PBXContainerItemProxy section */

/* Begin PBXFileReference section */
		2D1B694720E9FEA200F03E33 /* VAImageHandler.h */ = {isa = PBXFileReference; lastKnownFileType = sourcecode.c.h; path = VAImageHandler.h; sourceTree = "<group>"; };
		2D1B694820E9FEA200F03E33 /* VAImageHandler.m */ = {isa = PBXFileReference; lastKnownFileType = sourcecode.c.objc; path = VAImageHandler.m; sourceTree = "<group>"; };
		2D1B694A20EB877C00F03E33 /* VAWrapView.h */ = {isa = PBXFileReference; lastKnownFileType = sourcecode.c.h; path = VAWrapView.h; sourceTree = "<group>"; };
		2D1B694B20EB877C00F03E33 /* VAWrapView.m */ = {isa = PBXFileReference; lastKnownFileType = sourcecode.c.objc; path = VAWrapView.m; sourceTree = "<group>"; };
		3BB39F8B722A98E20AF0546B /* Pods-ViolaSDK.debug.xcconfig */ = {isa = PBXFileReference; includeInIndex = 1; lastKnownFileType = text.xcconfig; name = "Pods-ViolaSDK.debug.xcconfig"; path = "Pods/Target Support Files/Pods-ViolaSDK/Pods-ViolaSDK.debug.xcconfig"; sourceTree = "<group>"; };
		81E0BFB4061778097807BAD1 /* libPods-ViolaSDK.a */ = {isa = PBXFileReference; explicitFileType = archive.ar; includeInIndex = 0; path = "libPods-ViolaSDK.a"; sourceTree = BUILT_PRODUCTS_DIR; };
		C6B2FAAC20EBBD09005453DF /* VAModalUIModule.h */ = {isa = PBXFileReference; fileEncoding = 4; lastKnownFileType = sourcecode.c.h; path = VAModalUIModule.h; sourceTree = "<group>"; };
		C6B2FAAD20EBBD0E005453DF /* VAModalUIModule.m */ = {isa = PBXFileReference; fileEncoding = 4; lastKnownFileType = sourcecode.c.objc; path = VAModalUIModule.m; sourceTree = "<group>"; };
		D327B15CF3B1F42B86E46D13 /* Pods-ViolaSDK.release.xcconfig */ = {isa = PBXFileReference; includeInIndex = 1; lastKnownFileType = text.xcconfig; name = "Pods-ViolaSDK.release.xcconfig"; path = "Pods/Target Support Files/Pods-ViolaSDK/Pods-ViolaSDK.release.xcconfig"; sourceTree = "<group>"; };
		FF17DDF820E3D4EC008F29B3 /* viola_main.js */ = {isa = PBXFileReference; fileEncoding = 4; lastKnownFileType = sourcecode.javascript; path = viola_main.js; sourceTree = "<group>"; };
		FF66078A20DBA1A300A99EE0 /* ViolaSDK.app */ = {isa = PBXFileReference; explicitFileType = wrapper.application; includeInIndex = 0; path = ViolaSDK.app; sourceTree = BUILT_PRODUCTS_DIR; };
		FF66078D20DBA1A300A99EE0 /* AppDelegate.h */ = {isa = PBXFileReference; lastKnownFileType = sourcecode.c.h; path = AppDelegate.h; sourceTree = "<group>"; };
		FF66078E20DBA1A300A99EE0 /* AppDelegate.m */ = {isa = PBXFileReference; lastKnownFileType = sourcecode.c.objc; path = AppDelegate.m; sourceTree = "<group>"; };
		FF66079020DBA1A300A99EE0 /* ViewController.h */ = {isa = PBXFileReference; lastKnownFileType = sourcecode.c.h; path = ViewController.h; sourceTree = "<group>"; };
		FF66079120DBA1A300A99EE0 /* ViewController.m */ = {isa = PBXFileReference; lastKnownFileType = sourcecode.c.objc; path = ViewController.m; sourceTree = "<group>"; };
		FF66079420DBA1A300A99EE0 /* Base */ = {isa = PBXFileReference; lastKnownFileType = file.storyboard; name = Base; path = Base.lproj/Main.storyboard; sourceTree = "<group>"; };
		FF66079620DBA1A300A99EE0 /* Assets.xcassets */ = {isa = PBXFileReference; lastKnownFileType = folder.assetcatalog; path = Assets.xcassets; sourceTree = "<group>"; };
		FF66079920DBA1A300A99EE0 /* Base */ = {isa = PBXFileReference; lastKnownFileType = file.storyboard; name = Base; path = Base.lproj/LaunchScreen.storyboard; sourceTree = "<group>"; };
		FF66079B20DBA1A300A99EE0 /* Info.plist */ = {isa = PBXFileReference; lastKnownFileType = text.plist.xml; path = Info.plist; sourceTree = "<group>"; };
		FF66079C20DBA1A300A99EE0 /* main.m */ = {isa = PBXFileReference; lastKnownFileType = sourcecode.c.objc; path = main.m; sourceTree = "<group>"; };
		FF6607A220DBA1A300A99EE0 /* ViolaSDKTests.xctest */ = {isa = PBXFileReference; explicitFileType = wrapper.cfbundle; includeInIndex = 0; path = ViolaSDKTests.xctest; sourceTree = BUILT_PRODUCTS_DIR; };
		FF6607A620DBA1A300A99EE0 /* ViolaSDKTests.m */ = {isa = PBXFileReference; lastKnownFileType = sourcecode.c.objc; path = ViolaSDKTests.m; sourceTree = "<group>"; };
		FF6607A820DBA1A300A99EE0 /* Info.plist */ = {isa = PBXFileReference; lastKnownFileType = text.plist.xml; path = Info.plist; sourceTree = "<group>"; };
		FF6607AD20DBA1A300A99EE0 /* ViolaSDKUITests.xctest */ = {isa = PBXFileReference; explicitFileType = wrapper.cfbundle; includeInIndex = 0; path = ViolaSDKUITests.xctest; sourceTree = BUILT_PRODUCTS_DIR; };
		FF6607B120DBA1A300A99EE0 /* ViolaSDKUITests.m */ = {isa = PBXFileReference; lastKnownFileType = sourcecode.c.objc; path = ViolaSDKUITests.m; sourceTree = "<group>"; };
		FF6607B320DBA1A300A99EE0 /* Info.plist */ = {isa = PBXFileReference; lastKnownFileType = text.plist.xml; path = Info.plist; sourceTree = "<group>"; };
		FF6607C120DBA23B00A99EE0 /* ViolaEngine.m */ = {isa = PBXFileReference; fileEncoding = 4; lastKnownFileType = sourcecode.c.objc; path = ViolaEngine.m; sourceTree = "<group>"; };
		FF6607C220DBA23B00A99EE0 /* ViolaInstance.h */ = {isa = PBXFileReference; fileEncoding = 4; lastKnownFileType = sourcecode.c.h; path = ViolaInstance.h; sourceTree = "<group>"; };
		FF6607C320DBA23B00A99EE0 /* VAComponent.h */ = {isa = PBXFileReference; fileEncoding = 4; lastKnownFileType = sourcecode.c.h; path = VAComponent.h; sourceTree = "<group>"; };
		FF6607C420DBA23B00A99EE0 /* VAComponentController.h */ = {isa = PBXFileReference; fileEncoding = 4; lastKnownFileType = sourcecode.c.h; path = VAComponentController.h; sourceTree = "<group>"; };
		FF6607C520DBA23B00A99EE0 /* ViolaEngine.h */ = {isa = PBXFileReference; fileEncoding = 4; lastKnownFileType = sourcecode.c.h; path = ViolaEngine.h; sourceTree = "<group>"; };
		FF6607C620DBA23B00A99EE0 /* ViolaInstance.m */ = {isa = PBXFileReference; fileEncoding = 4; lastKnownFileType = sourcecode.c.objc; path = ViolaInstance.m; sourceTree = "<group>"; };
		FF6607C720DBA23B00A99EE0 /* VAComponentController.m */ = {isa = PBXFileReference; fileEncoding = 4; lastKnownFileType = sourcecode.c.objc; path = VAComponentController.m; sourceTree = "<group>"; };
		FF6607C820DBA23B00A99EE0 /* VAComponent.m */ = {isa = PBXFileReference; fileEncoding = 4; lastKnownFileType = sourcecode.c.objc; path = VAComponent.m; sourceTree = "<group>"; };
		FF6607CA20DBA23B00A99EE0 /* VABridgeCategory.m */ = {isa = PBXFileReference; fileEncoding = 4; lastKnownFileType = sourcecode.c.objc; path = VABridgeCategory.m; sourceTree = "<group>"; };
		FF6607CB20DBA23B00A99EE0 /* VAMethod.m */ = {isa = PBXFileReference; fileEncoding = 4; lastKnownFileType = sourcecode.c.objc; path = VAMethod.m; sourceTree = "<group>"; };
		FF6607CC20DBA23B00A99EE0 /* VAJSBridge.m */ = {isa = PBXFileReference; fileEncoding = 4; lastKnownFileType = sourcecode.c.objc; path = VAJSBridge.m; sourceTree = "<group>"; };
		FF6607CD20DBA23B00A99EE0 /* VAJSContext.m */ = {isa = PBXFileReference; fileEncoding = 4; lastKnownFileType = sourcecode.c.objc; path = VAJSContext.m; sourceTree = "<group>"; };
		FF6607CE20DBA23B00A99EE0 /* VAMethod.h */ = {isa = PBXFileReference; fileEncoding = 4; lastKnownFileType = sourcecode.c.h; path = VAMethod.h; sourceTree = "<group>"; };
		FF6607CF20DBA23B00A99EE0 /* VABridgeCategory.h */ = {isa = PBXFileReference; fileEncoding = 4; lastKnownFileType = sourcecode.c.h; path = VABridgeCategory.h; sourceTree = "<group>"; };
		FF6607D020DBA23B00A99EE0 /* VAJSContext.h */ = {isa = PBXFileReference; fileEncoding = 4; lastKnownFileType = sourcecode.c.h; path = VAJSContext.h; sourceTree = "<group>"; };
		FF6607D120DBA23B00A99EE0 /* VAJSBridge.h */ = {isa = PBXFileReference; fileEncoding = 4; lastKnownFileType = sourcecode.c.h; path = VAJSBridge.h; sourceTree = "<group>"; };
		FF6607D320DBA23B00A99EE0 /* VADomModule.h */ = {isa = PBXFileReference; fileEncoding = 4; lastKnownFileType = sourcecode.c.h; path = VADomModule.h; sourceTree = "<group>"; };
		FF6607D420DBA23B00A99EE0 /* VADomModule.m */ = {isa = PBXFileReference; fileEncoding = 4; lastKnownFileType = sourcecode.c.objc; path = VADomModule.m; sourceTree = "<group>"; };
		FF6607D720DBA23B00A99EE0 /* VAConvertUtl.m */ = {isa = PBXFileReference; fileEncoding = 4; lastKnownFileType = sourcecode.c.objc; path = VAConvertUtl.m; sourceTree = "<group>"; };
		FF6607D820DBA23B00A99EE0 /* VALog.h */ = {isa = PBXFileReference; fileEncoding = 4; lastKnownFileType = sourcecode.c.h; path = VALog.h; sourceTree = "<group>"; };
		FF6607D920DBA23B00A99EE0 /* VAUtil.h */ = {isa = PBXFileReference; fileEncoding = 4; lastKnownFileType = sourcecode.c.h; path = VAUtil.h; sourceTree = "<group>"; };
		FF6607DA20DBA23B00A99EE0 /* VAConvertUtl.h */ = {isa = PBXFileReference; fileEncoding = 4; lastKnownFileType = sourcecode.c.h; path = VAConvertUtl.h; sourceTree = "<group>"; };
		FF6607DB20DBA23B00A99EE0 /* VALog.m */ = {isa = PBXFileReference; fileEncoding = 4; lastKnownFileType = sourcecode.c.objc; path = VALog.m; sourceTree = "<group>"; };
		FF6607DC20DBA23B00A99EE0 /* VADefine.h */ = {isa = PBXFileReference; fileEncoding = 4; lastKnownFileType = sourcecode.c.h; path = VADefine.h; sourceTree = "<group>"; };
		FF6607DD20DBA23B00A99EE0 /* VAUtil.m */ = {isa = PBXFileReference; fileEncoding = 4; lastKnownFileType = sourcecode.c.objc; path = VAUtil.m; sourceTree = "<group>"; };
		FF6607DE20DBA23B00A99EE0 /* ViolaSDK.h */ = {isa = PBXFileReference; fileEncoding = 4; lastKnownFileType = sourcecode.c.h; path = ViolaSDK.h; sourceTree = "<group>"; };
		FF6607E020DBA23B00A99EE0 /* VAInstanceManager.h */ = {isa = PBXFileReference; fileEncoding = 4; lastKnownFileType = sourcecode.c.h; path = VAInstanceManager.h; sourceTree = "<group>"; };
		FF6607E120DBA23B00A99EE0 /* VABridgeManager.h */ = {isa = PBXFileReference; fileEncoding = 4; lastKnownFileType = sourcecode.c.h; path = VABridgeManager.h; sourceTree = "<group>"; };
		FF6607E220DBA23B00A99EE0 /* VARegisterManager.m */ = {isa = PBXFileReference; fileEncoding = 4; lastKnownFileType = sourcecode.c.objc; path = VARegisterManager.m; sourceTree = "<group>"; };
		FF6607E320DBA23B00A99EE0 /* VAThreadManager.m */ = {isa = PBXFileReference; fileEncoding = 4; lastKnownFileType = sourcecode.c.objc; path = VAThreadManager.m; sourceTree = "<group>"; };
		FF6607E420DBA23B00A99EE0 /* VARegisterManager.h */ = {isa = PBXFileReference; fileEncoding = 4; lastKnownFileType = sourcecode.c.h; path = VARegisterManager.h; sourceTree = "<group>"; };
		FF6607E520DBA23B00A99EE0 /* VABridgeManager.m */ = {isa = PBXFileReference; fileEncoding = 4; lastKnownFileType = sourcecode.c.objc; path = VABridgeManager.m; sourceTree = "<group>"; };
		FF6607E620DBA23B00A99EE0 /* VAInstanceManager.m */ = {isa = PBXFileReference; fileEncoding = 4; lastKnownFileType = sourcecode.c.objc; path = VAInstanceManager.m; sourceTree = "<group>"; };
		FF6607E720DBA23B00A99EE0 /* VAThreadManager.h */ = {isa = PBXFileReference; fileEncoding = 4; lastKnownFileType = sourcecode.c.h; path = VAThreadManager.h; sourceTree = "<group>"; };
		FF6607EA20DBA23B00A99EE0 /* VAModuleProtocol.h */ = {isa = PBXFileReference; fileEncoding = 4; lastKnownFileType = sourcecode.c.h; path = VAModuleProtocol.h; sourceTree = "<group>"; };
		FF6607EC20DBA23B00A99EE0 /* VARootView.h */ = {isa = PBXFileReference; fileEncoding = 4; lastKnownFileType = sourcecode.c.h; path = VARootView.h; sourceTree = "<group>"; };
		FF6607ED20DBA23B00A99EE0 /* VARootView.m */ = {isa = PBXFileReference; fileEncoding = 4; lastKnownFileType = sourcecode.c.objc; path = VARootView.m; sourceTree = "<group>"; };
		FF66080120DBA4F900A99EE0 /* JavaScriptCore.framework */ = {isa = PBXFileReference; lastKnownFileType = wrapper.framework; name = JavaScriptCore.framework; path = System/Library/Frameworks/JavaScriptCore.framework; sourceTree = SDKROOT; };
		FF66080420DBA8B000A99EE0 /* viola_test.js */ = {isa = PBXFileReference; fileEncoding = 4; lastKnownFileType = sourcecode.javascript; path = viola_test.js; sourceTree = "<group>"; };
		FF760ECD20E9CE5A001949F0 /* VAImageComponent.h */ = {isa = PBXFileReference; lastKnownFileType = sourcecode.c.h; path = VAImageComponent.h; sourceTree = "<group>"; };
		FF760ECE20E9CE5A001949F0 /* VAImageComponent.m */ = {isa = PBXFileReference; lastKnownFileType = sourcecode.c.objc; path = VAImageComponent.m; sourceTree = "<group>"; };
		FF760ED320E9CF76001949F0 /* VAImageHandlerProtocol.h */ = {isa = PBXFileReference; lastKnownFileType = sourcecode.c.h; path = VAImageHandlerProtocol.h; sourceTree = "<group>"; };
		FF760ED420EA7B5E001949F0 /* VAScrollerComponent.h */ = {isa = PBXFileReference; lastKnownFileType = sourcecode.c.h; path = VAScrollerComponent.h; sourceTree = "<group>"; };
		FF760ED520EA7B5E001949F0 /* VAScrollerComponent.m */ = {isa = PBXFileReference; lastKnownFileType = sourcecode.c.objc; path = VAScrollerComponent.m; sourceTree = "<group>"; };
		FFB278B320DE463C009FD859 /* VADivComponent.h */ = {isa = PBXFileReference; lastKnownFileType = sourcecode.c.h; path = VADivComponent.h; sourceTree = "<group>"; };
		FFB278B420DE463C009FD859 /* VADivComponent.m */ = {isa = PBXFileReference; lastKnownFileType = sourcecode.c.objc; path = VADivComponent.m; sourceTree = "<group>"; };
		FFB278BA20DE9AED009FD859 /* Layout.h */ = {isa = PBXFileReference; fileEncoding = 4; lastKnownFileType = sourcecode.c.h; path = Layout.h; sourceTree = "<group>"; };
		FFB278BB20DE9AED009FD859 /* Layout.c */ = {isa = PBXFileReference; fileEncoding = 4; lastKnownFileType = sourcecode.c.c; path = Layout.c; sourceTree = "<group>"; };
		FFB278C020DE9C41009FD859 /* VAComponent+layout.h */ = {isa = PBXFileReference; lastKnownFileType = sourcecode.c.h; path = "VAComponent+layout.h"; sourceTree = "<group>"; };
		FFB278C120DE9C41009FD859 /* VAComponent+layout.m */ = {isa = PBXFileReference; lastKnownFileType = sourcecode.c.objc; path = "VAComponent+layout.m"; sourceTree = "<group>"; };
		FFB278C320DEA3F9009FD859 /* VAComponent+private.h */ = {isa = PBXFileReference; lastKnownFileType = sourcecode.c.h; path = "VAComponent+private.h"; sourceTree = "<group>"; };
		FFB278C520E0F6C9009FD859 /* VAComponent+view.h */ = {isa = PBXFileReference; lastKnownFileType = sourcecode.c.h; path = "VAComponent+view.h"; sourceTree = "<group>"; };
		FFB278C620E0F6C9009FD859 /* VAComponent+view.m */ = {isa = PBXFileReference; lastKnownFileType = sourcecode.c.objc; path = "VAComponent+view.m"; sourceTree = "<group>"; };
		FFB278C820E0FD14009FD859 /* VAWeakObject.h */ = {isa = PBXFileReference; lastKnownFileType = sourcecode.c.h; path = VAWeakObject.h; sourceTree = "<group>"; };
		FFB278C920E0FD14009FD859 /* VAWeakObject.m */ = {isa = PBXFileReference; lastKnownFileType = sourcecode.c.objc; path = VAWeakObject.m; sourceTree = "<group>"; };
		FFB278CB20E12822009FD859 /* VAComponent+event.h */ = {isa = PBXFileReference; lastKnownFileType = sourcecode.c.h; path = "VAComponent+event.h"; sourceTree = "<group>"; };
		FFB278CC20E12822009FD859 /* VAComponent+event.m */ = {isa = PBXFileReference; lastKnownFileType = sourcecode.c.objc; path = "VAComponent+event.m"; sourceTree = "<group>"; };
		FFB2793620E206AB009FD859 /* TestViewController.h */ = {isa = PBXFileReference; lastKnownFileType = sourcecode.c.h; path = TestViewController.h; sourceTree = "<group>"; };
		FFB2793720E206AB009FD859 /* TestViewController.m */ = {isa = PBXFileReference; lastKnownFileType = sourcecode.c.objc; path = TestViewController.m; sourceTree = "<group>"; };
		FFBC38D220E5FA2100D3D806 /* RIJAsyncLabel.m */ = {isa = PBXFileReference; fileEncoding = 4; lastKnownFileType = sourcecode.c.objc; path = RIJAsyncLabel.m; sourceTree = "<group>"; };
		FFBC38D320E5FA2100D3D806 /* RIJAsyncLabel.h */ = {isa = PBXFileReference; fileEncoding = 4; lastKnownFileType = sourcecode.c.h; path = RIJAsyncLabel.h; sourceTree = "<group>"; };
		FFBC38D520E5FAE300D3D806 /* VATextComponent.h */ = {isa = PBXFileReference; lastKnownFileType = sourcecode.c.h; path = VATextComponent.h; sourceTree = "<group>"; };
		FFBC38D620E5FAE300D3D806 /* VATextComponent.m */ = {isa = PBXFileReference; lastKnownFileType = sourcecode.c.objc; path = VATextComponent.m; sourceTree = "<group>"; };
		FFF1D5C020EC99D3002F4A81 /* VABaseViewController.m */ = {isa = PBXFileReference; fileEncoding = 4; lastKnownFileType = sourcecode.c.objc; path = VABaseViewController.m; sourceTree = "<group>"; };
		FFF1D5C120EC99D3002F4A81 /* VABaseViewController.h */ = {isa = PBXFileReference; fileEncoding = 4; lastKnownFileType = sourcecode.c.h; path = VABaseViewController.h; sourceTree = "<group>"; };
		FFF1D5C320EC9A09002F4A81 /* VAViewController.h */ = {isa = PBXFileReference; lastKnownFileType = sourcecode.c.h; path = VAViewController.h; sourceTree = "<group>"; };
		FFF1D5C420EC9A09002F4A81 /* VAViewController.m */ = {isa = PBXFileReference; lastKnownFileType = sourcecode.c.objc; path = VAViewController.m; sourceTree = "<group>"; };
		FFF1D5C720ECC856002F4A81 /* VABundleManager.h */ = {isa = PBXFileReference; lastKnownFileType = sourcecode.c.h; path = VABundleManager.h; sourceTree = "<group>"; };
		FFF1D5C820ECC856002F4A81 /* VABundleManager.m */ = {isa = PBXFileReference; lastKnownFileType = sourcecode.c.objc; path = VABundleManager.m; sourceTree = "<group>"; };
		FFF1D5CB20ECE536002F4A81 /* QLXHttpRequest.m */ = {isa = PBXFileReference; fileEncoding = 4; lastKnownFileType = sourcecode.c.objc; path = QLXHttpRequest.m; sourceTree = "<group>"; };
		FFF1D5CC20ECE536002F4A81 /* QLXHttpRequestTool.h */ = {isa = PBXFileReference; fileEncoding = 4; lastKnownFileType = sourcecode.c.h; path = QLXHttpRequestTool.h; sourceTree = "<group>"; };
		FFF1D5CD20ECE536002F4A81 /* QLXHttpRequestTool.m */ = {isa = PBXFileReference; fileEncoding = 4; lastKnownFileType = sourcecode.c.objc; path = QLXHttpRequestTool.m; sourceTree = "<group>"; };
		FFF1D5CE20ECE536002F4A81 /* QLXHttpRequest.h */ = {isa = PBXFileReference; fileEncoding = 4; lastKnownFileType = sourcecode.c.h; path = QLXHttpRequest.h; sourceTree = "<group>"; };
		FFF1D5D520ED0B03002F4A81 /* VAHttpModule.h */ = {isa = PBXFileReference; lastKnownFileType = sourcecode.c.h; path = VAHttpModule.h; sourceTree = "<group>"; };
		FFF1D5D620ED0B03002F4A81 /* VAHttpModule.m */ = {isa = PBXFileReference; lastKnownFileType = sourcecode.c.objc; path = VAHttpModule.m; sourceTree = "<group>"; };
		FFF1D5D820ED0CC2002F4A81 /* VAAnimationModule.h */ = {isa = PBXFileReference; lastKnownFileType = sourcecode.c.h; path = VAAnimationModule.h; sourceTree = "<group>"; };
		FFF1D5D920ED0CC2002F4A81 /* VAAnimationModule.m */ = {isa = PBXFileReference; lastKnownFileType = sourcecode.c.objc; path = VAAnimationModule.m; sourceTree = "<group>"; };
/* End PBXFileReference section */

/* Begin PBXFrameworksBuildPhase section */
		FF66078720DBA1A300A99EE0 /* Frameworks */ = {
			isa = PBXFrameworksBuildPhase;
			buildActionMask = 2147483647;
			files = (
				1C10F37641523840519DA37E /* libPods-ViolaSDK.a in Frameworks */,
			);
			runOnlyForDeploymentPostprocessing = 0;
		};
		FF66079F20DBA1A300A99EE0 /* Frameworks */ = {
			isa = PBXFrameworksBuildPhase;
			buildActionMask = 2147483647;
			files = (
			);
			runOnlyForDeploymentPostprocessing = 0;
		};
		FF6607AA20DBA1A300A99EE0 /* Frameworks */ = {
			isa = PBXFrameworksBuildPhase;
			buildActionMask = 2147483647;
			files = (
			);
			runOnlyForDeploymentPostprocessing = 0;
		};
/* End PBXFrameworksBuildPhase section */

/* Begin PBXGroup section */
		2D1B694520E9FE7100F03E33 /* Expand */ = {
			isa = PBXGroup;
			children = (
				FFF1D5D420ED0AF9002F4A81 /* Module */,
				FFF1D5CA20ECE536002F4A81 /* QLXHttpRequest */,
				FFF1D5C620ECC606002F4A81 /* Manager */,
				FFF1D5BB20EBA7A8002F4A81 /* Controller */,
				2D1B694620E9FE8A00F03E33 /* Handler */,
			);
			path = Expand;
			sourceTree = "<group>";
		};
		2D1B694620E9FE8A00F03E33 /* Handler */ = {
			isa = PBXGroup;
			children = (
				2D1B694720E9FEA200F03E33 /* VAImageHandler.h */,
				2D1B694820E9FEA200F03E33 /* VAImageHandler.m */,
			);
			path = Handler;
			sourceTree = "<group>";
		};
		E90C60E9697FECB62E486B65 /* Pods */ = {
			isa = PBXGroup;
			children = (
				3BB39F8B722A98E20AF0546B /* Pods-ViolaSDK.debug.xcconfig */,
				D327B15CF3B1F42B86E46D13 /* Pods-ViolaSDK.release.xcconfig */,
			);
			name = Pods;
			sourceTree = "<group>";
		};
		FF66078120DBA1A300A99EE0 = {
			isa = PBXGroup;
			children = (
				FF66078C20DBA1A300A99EE0 /* ViolaSDK */,
				FF6607A520DBA1A300A99EE0 /* ViolaSDKTests */,
				FF6607B020DBA1A300A99EE0 /* ViolaSDKUITests */,
				FF66078B20DBA1A300A99EE0 /* Products */,
				FF66080020DBA4F900A99EE0 /* Frameworks */,
				E90C60E9697FECB62E486B65 /* Pods */,
			);
			sourceTree = "<group>";
		};
		FF66078B20DBA1A300A99EE0 /* Products */ = {
			isa = PBXGroup;
			children = (
				FF66078A20DBA1A300A99EE0 /* ViolaSDK.app */,
				FF6607A220DBA1A300A99EE0 /* ViolaSDKTests.xctest */,
				FF6607AD20DBA1A300A99EE0 /* ViolaSDKUITests.xctest */,
			);
			name = Products;
			sourceTree = "<group>";
		};
		FF66078C20DBA1A300A99EE0 /* ViolaSDK */ = {
			isa = PBXGroup;
			children = (
				2D1B694520E9FE7100F03E33 /* Expand */,
				FF66080320DBA88E00A99EE0 /* Resource */,
				FF6607BF20DBA23B00A99EE0 /* Source */,
				FF66078D20DBA1A300A99EE0 /* AppDelegate.h */,
				FF66078E20DBA1A300A99EE0 /* AppDelegate.m */,
				FF66079020DBA1A300A99EE0 /* ViewController.h */,
				FF66079120DBA1A300A99EE0 /* ViewController.m */,
				FFB2793620E206AB009FD859 /* TestViewController.h */,
				FFB2793720E206AB009FD859 /* TestViewController.m */,
				FF66079320DBA1A300A99EE0 /* Main.storyboard */,
				FF66079620DBA1A300A99EE0 /* Assets.xcassets */,
				FF66079820DBA1A300A99EE0 /* LaunchScreen.storyboard */,
				FF66079B20DBA1A300A99EE0 /* Info.plist */,
				FF66079C20DBA1A300A99EE0 /* main.m */,
			);
			path = ViolaSDK;
			sourceTree = "<group>";
		};
		FF6607A520DBA1A300A99EE0 /* ViolaSDKTests */ = {
			isa = PBXGroup;
			children = (
				FF6607A620DBA1A300A99EE0 /* ViolaSDKTests.m */,
				FF6607A820DBA1A300A99EE0 /* Info.plist */,
			);
			path = ViolaSDKTests;
			sourceTree = "<group>";
		};
		FF6607B020DBA1A300A99EE0 /* ViolaSDKUITests */ = {
			isa = PBXGroup;
			children = (
				FF6607B120DBA1A300A99EE0 /* ViolaSDKUITests.m */,
				FF6607B320DBA1A300A99EE0 /* Info.plist */,
			);
			path = ViolaSDKUITests;
			sourceTree = "<group>";
		};
		FF6607BF20DBA23B00A99EE0 /* Source */ = {
			isa = PBXGroup;
			children = (
				FF6607C020DBA23B00A99EE0 /* Core */,
				FFB278B220DE462A009FD859 /* Component */,
				FF6607C920DBA23B00A99EE0 /* Bridge */,
				FF6607D220DBA23B00A99EE0 /* Module */,
				FF6607D620DBA23B00A99EE0 /* Utils */,
				FF6607DF20DBA23B00A99EE0 /* Manager */,
				FF6607E820DBA23B00A99EE0 /* Common */,
				FFB278B920DE9A82009FD859 /* Vendor */,
				FF6607DE20DBA23B00A99EE0 /* ViolaSDK.h */,
			);
			path = Source;
			sourceTree = "<group>";
		};
		FF6607C020DBA23B00A99EE0 /* Core */ = {
			isa = PBXGroup;
			children = (
				FFB278B720DE993C009FD859 /* instance */,
				FFB278B620DE991F009FD859 /* component */,
				FF6607C120DBA23B00A99EE0 /* ViolaEngine.m */,
				FF6607C520DBA23B00A99EE0 /* ViolaEngine.h */,
			);
			path = Core;
			sourceTree = "<group>";
		};
		FF6607C920DBA23B00A99EE0 /* Bridge */ = {
			isa = PBXGroup;
			children = (
				FF6607CA20DBA23B00A99EE0 /* VABridgeCategory.m */,
				FF6607CB20DBA23B00A99EE0 /* VAMethod.m */,
				FF6607CC20DBA23B00A99EE0 /* VAJSBridge.m */,
				FF6607CD20DBA23B00A99EE0 /* VAJSContext.m */,
				FF6607CE20DBA23B00A99EE0 /* VAMethod.h */,
				FF6607CF20DBA23B00A99EE0 /* VABridgeCategory.h */,
				FF6607D020DBA23B00A99EE0 /* VAJSContext.h */,
				FF6607D120DBA23B00A99EE0 /* VAJSBridge.h */,
			);
			path = Bridge;
			sourceTree = "<group>";
		};
		FF6607D220DBA23B00A99EE0 /* Module */ = {
			isa = PBXGroup;
			children = (
				FF6607D320DBA23B00A99EE0 /* VADomModule.h */,
				C6B2FAAD20EBBD0E005453DF /* VAModalUIModule.m */,
				C6B2FAAC20EBBD09005453DF /* VAModalUIModule.h */,
				FF6607D420DBA23B00A99EE0 /* VADomModule.m */,
				FFF1D5D820ED0CC2002F4A81 /* VAAnimationModule.h */,
				FFF1D5D920ED0CC2002F4A81 /* VAAnimationModule.m */,
			);
			path = Module;
			sourceTree = "<group>";
		};
		FF6607D620DBA23B00A99EE0 /* Utils */ = {
			isa = PBXGroup;
			children = (
				FF6607D720DBA23B00A99EE0 /* VAConvertUtl.m */,
				FF6607D820DBA23B00A99EE0 /* VALog.h */,
				FF6607D920DBA23B00A99EE0 /* VAUtil.h */,
				FF6607DA20DBA23B00A99EE0 /* VAConvertUtl.h */,
				FF6607DB20DBA23B00A99EE0 /* VALog.m */,
				FF6607DC20DBA23B00A99EE0 /* VADefine.h */,
				FF6607DD20DBA23B00A99EE0 /* VAUtil.m */,
				FFB278C820E0FD14009FD859 /* VAWeakObject.h */,
				FFB278C920E0FD14009FD859 /* VAWeakObject.m */,
			);
			path = Utils;
			sourceTree = "<group>";
		};
		FF6607DF20DBA23B00A99EE0 /* Manager */ = {
			isa = PBXGroup;
			children = (
				FF6607E020DBA23B00A99EE0 /* VAInstanceManager.h */,
				FF6607E120DBA23B00A99EE0 /* VABridgeManager.h */,
				FF6607E220DBA23B00A99EE0 /* VARegisterManager.m */,
				FF6607E320DBA23B00A99EE0 /* VAThreadManager.m */,
				FF6607E420DBA23B00A99EE0 /* VARegisterManager.h */,
				FF6607E520DBA23B00A99EE0 /* VABridgeManager.m */,
				FF6607E620DBA23B00A99EE0 /* VAInstanceManager.m */,
				FF6607E720DBA23B00A99EE0 /* VAThreadManager.h */,
			);
			path = Manager;
			sourceTree = "<group>";
		};
		FF6607E820DBA23B00A99EE0 /* Common */ = {
			isa = PBXGroup;
			children = (
				FFF1D5BF20EC99D3002F4A81 /* Controller */,
				FF6607E920DBA23B00A99EE0 /* Protocol */,
				FF6607EB20DBA23B00A99EE0 /* View */,
			);
			path = Common;
			sourceTree = "<group>";
		};
		FF6607E920DBA23B00A99EE0 /* Protocol */ = {
			isa = PBXGroup;
			children = (
				FF6607EA20DBA23B00A99EE0 /* VAModuleProtocol.h */,
				FF760ED320E9CF76001949F0 /* VAImageHandlerProtocol.h */,
			);
			path = Protocol;
			sourceTree = "<group>";
		};
		FF6607EB20DBA23B00A99EE0 /* View */ = {
			isa = PBXGroup;
			children = (
				FF6607EC20DBA23B00A99EE0 /* VARootView.h */,
				FF6607ED20DBA23B00A99EE0 /* VARootView.m */,
				2D1B694A20EB877C00F03E33 /* VAWrapView.h */,
				2D1B694B20EB877C00F03E33 /* VAWrapView.m */,
			);
			path = View;
			sourceTree = "<group>";
		};
		FF66080020DBA4F900A99EE0 /* Frameworks */ = {
			isa = PBXGroup;
			children = (
				FF66080120DBA4F900A99EE0 /* JavaScriptCore.framework */,
				81E0BFB4061778097807BAD1 /* libPods-ViolaSDK.a */,
			);
			name = Frameworks;
			sourceTree = "<group>";
		};
		FF66080320DBA88E00A99EE0 /* Resource */ = {
			isa = PBXGroup;
			children = (
				FF17DDF820E3D4EC008F29B3 /* viola_main.js */,
				FF66080420DBA8B000A99EE0 /* viola_test.js */,
			);
			path = Resource;
			sourceTree = "<group>";
		};
		FFB278B220DE462A009FD859 /* Component */ = {
			isa = PBXGroup;
			children = (
				FFB278B320DE463C009FD859 /* VADivComponent.h */,
				FFB278B420DE463C009FD859 /* VADivComponent.m */,
				FFBC38D520E5FAE300D3D806 /* VATextComponent.h */,
				FFBC38D620E5FAE300D3D806 /* VATextComponent.m */,
				FF760ECD20E9CE5A001949F0 /* VAImageComponent.h */,
				FF760ECE20E9CE5A001949F0 /* VAImageComponent.m */,
				FF760ED420EA7B5E001949F0 /* VAScrollerComponent.h */,
				FF760ED520EA7B5E001949F0 /* VAScrollerComponent.m */,
			);
			path = Component;
			sourceTree = "<group>";
		};
		FFB278B620DE991F009FD859 /* component */ = {
			isa = PBXGroup;
			children = (
				FF6607C420DBA23B00A99EE0 /* VAComponentController.h */,
				FF6607C720DBA23B00A99EE0 /* VAComponentController.m */,
				FF6607C320DBA23B00A99EE0 /* VAComponent.h */,
				FF6607C820DBA23B00A99EE0 /* VAComponent.m */,
				FFB278C020DE9C41009FD859 /* VAComponent+layout.h */,
				FFB278C120DE9C41009FD859 /* VAComponent+layout.m */,
				FFB278C320DEA3F9009FD859 /* VAComponent+private.h */,
				FFB278C520E0F6C9009FD859 /* VAComponent+view.h */,
				FFB278C620E0F6C9009FD859 /* VAComponent+view.m */,
				FFB278CB20E12822009FD859 /* VAComponent+event.h */,
				FFB278CC20E12822009FD859 /* VAComponent+event.m */,
			);
			path = component;
			sourceTree = "<group>";
		};
		FFB278B720DE993C009FD859 /* instance */ = {
			isa = PBXGroup;
			children = (
				FF6607C220DBA23B00A99EE0 /* ViolaInstance.h */,
				FF6607C620DBA23B00A99EE0 /* ViolaInstance.m */,
			);
			path = instance;
			sourceTree = "<group>";
		};
		FFB278B920DE9A82009FD859 /* Vendor */ = {
			isa = PBXGroup;
			children = (
				FFBC38D120E5FA2100D3D806 /* RIJAsyncLabel */,
				FFB278BB20DE9AED009FD859 /* Layout.c */,
				FFB278BA20DE9AED009FD859 /* Layout.h */,
			);
			path = Vendor;
			sourceTree = "<group>";
		};
		FFBC38D120E5FA2100D3D806 /* RIJAsyncLabel */ = {
			isa = PBXGroup;
			children = (
				FFBC38D220E5FA2100D3D806 /* RIJAsyncLabel.m */,
				FFBC38D320E5FA2100D3D806 /* RIJAsyncLabel.h */,
			);
			path = RIJAsyncLabel;
			sourceTree = "<group>";
		};
		FFF1D5BB20EBA7A8002F4A81 /* Controller */ = {
			isa = PBXGroup;
			children = (
				FFF1D5C320EC9A09002F4A81 /* VAViewController.h */,
				FFF1D5C420EC9A09002F4A81 /* VAViewController.m */,
			);
			path = Controller;
			sourceTree = "<group>";
		};
		FFF1D5BF20EC99D3002F4A81 /* Controller */ = {
			isa = PBXGroup;
			children = (
				FFF1D5C020EC99D3002F4A81 /* VABaseViewController.m */,
				FFF1D5C120EC99D3002F4A81 /* VABaseViewController.h */,
			);
			path = Controller;
			sourceTree = "<group>";
		};
		FFF1D5C620ECC606002F4A81 /* Manager */ = {
			isa = PBXGroup;
			children = (
				FFF1D5C720ECC856002F4A81 /* VABundleManager.h */,
				FFF1D5C820ECC856002F4A81 /* VABundleManager.m */,
			);
			path = Manager;
			sourceTree = "<group>";
		};
		FFF1D5CA20ECE536002F4A81 /* QLXHttpRequest */ = {
			isa = PBXGroup;
			children = (
				FFF1D5CB20ECE536002F4A81 /* QLXHttpRequest.m */,
				FFF1D5CC20ECE536002F4A81 /* QLXHttpRequestTool.h */,
				FFF1D5CD20ECE536002F4A81 /* QLXHttpRequestTool.m */,
				FFF1D5CE20ECE536002F4A81 /* QLXHttpRequest.h */,
			);
			path = QLXHttpRequest;
			sourceTree = "<group>";
		};
		FFF1D5D420ED0AF9002F4A81 /* Module */ = {
			isa = PBXGroup;
			children = (
				FFF1D5D520ED0B03002F4A81 /* VAHttpModule.h */,
				FFF1D5D620ED0B03002F4A81 /* VAHttpModule.m */,
			);
			path = Module;
			sourceTree = "<group>";
		};
/* End PBXGroup section */

/* Begin PBXNativeTarget section */
		FF66078920DBA1A300A99EE0 /* ViolaSDK */ = {
			isa = PBXNativeTarget;
			buildConfigurationList = FF6607B620DBA1A300A99EE0 /* Build configuration list for PBXNativeTarget "ViolaSDK" */;
			buildPhases = (
				710BACF7EAA8A62EE35C4C91 /* [CP] Check Pods Manifest.lock */,
				FF66078620DBA1A300A99EE0 /* Sources */,
				FF66078720DBA1A300A99EE0 /* Frameworks */,
				FF66078820DBA1A300A99EE0 /* Resources */,
				839CEC156DD355689959D9B6 /* [CP] Embed Pods Frameworks */,
				3EBEA383DBB4F94D21907AFA /* [CP] Copy Pods Resources */,
			);
			buildRules = (
			);
			dependencies = (
			);
			name = ViolaSDK;
			productName = ViolaSDK;
			productReference = FF66078A20DBA1A300A99EE0 /* ViolaSDK.app */;
			productType = "com.apple.product-type.application";
		};
		FF6607A120DBA1A300A99EE0 /* ViolaSDKTests */ = {
			isa = PBXNativeTarget;
			buildConfigurationList = FF6607B920DBA1A300A99EE0 /* Build configuration list for PBXNativeTarget "ViolaSDKTests" */;
			buildPhases = (
				FF66079E20DBA1A300A99EE0 /* Sources */,
				FF66079F20DBA1A300A99EE0 /* Frameworks */,
				FF6607A020DBA1A300A99EE0 /* Resources */,
			);
			buildRules = (
			);
			dependencies = (
				FF6607A420DBA1A300A99EE0 /* PBXTargetDependency */,
			);
			name = ViolaSDKTests;
			productName = ViolaSDKTests;
			productReference = FF6607A220DBA1A300A99EE0 /* ViolaSDKTests.xctest */;
			productType = "com.apple.product-type.bundle.unit-test";
		};
		FF6607AC20DBA1A300A99EE0 /* ViolaSDKUITests */ = {
			isa = PBXNativeTarget;
			buildConfigurationList = FF6607BC20DBA1A300A99EE0 /* Build configuration list for PBXNativeTarget "ViolaSDKUITests" */;
			buildPhases = (
				FF6607A920DBA1A300A99EE0 /* Sources */,
				FF6607AA20DBA1A300A99EE0 /* Frameworks */,
				FF6607AB20DBA1A300A99EE0 /* Resources */,
			);
			buildRules = (
			);
			dependencies = (
				FF6607AF20DBA1A300A99EE0 /* PBXTargetDependency */,
			);
			name = ViolaSDKUITests;
			productName = ViolaSDKUITests;
			productReference = FF6607AD20DBA1A300A99EE0 /* ViolaSDKUITests.xctest */;
			productType = "com.apple.product-type.bundle.ui-testing";
		};
/* End PBXNativeTarget section */

/* Begin PBXProject section */
		FF66078220DBA1A300A99EE0 /* Project object */ = {
			isa = PBXProject;
			attributes = {
				LastUpgradeCheck = 0920;
				ORGANIZATIONNAME = "邱良雄";
				TargetAttributes = {
					FF66078920DBA1A300A99EE0 = {
						CreatedOnToolsVersion = 9.2;
						ProvisioningStyle = Automatic;
					};
					FF6607A120DBA1A300A99EE0 = {
						CreatedOnToolsVersion = 9.2;
						ProvisioningStyle = Automatic;
						TestTargetID = FF66078920DBA1A300A99EE0;
					};
					FF6607AC20DBA1A300A99EE0 = {
						CreatedOnToolsVersion = 9.2;
						ProvisioningStyle = Automatic;
						TestTargetID = FF66078920DBA1A300A99EE0;
					};
				};
			};
			buildConfigurationList = FF66078520DBA1A300A99EE0 /* Build configuration list for PBXProject "ViolaSDK" */;
			compatibilityVersion = "Xcode 8.0";
			developmentRegion = en;
			hasScannedForEncodings = 0;
			knownRegions = (
				en,
				Base,
			);
			mainGroup = FF66078120DBA1A300A99EE0;
			productRefGroup = FF66078B20DBA1A300A99EE0 /* Products */;
			projectDirPath = "";
			projectRoot = "";
			targets = (
				FF66078920DBA1A300A99EE0 /* ViolaSDK */,
				FF6607A120DBA1A300A99EE0 /* ViolaSDKTests */,
				FF6607AC20DBA1A300A99EE0 /* ViolaSDKUITests */,
			);
		};
/* End PBXProject section */

/* Begin PBXResourcesBuildPhase section */
		FF66078820DBA1A300A99EE0 /* Resources */ = {
			isa = PBXResourcesBuildPhase;
			buildActionMask = 2147483647;
			files = (
				FF66079A20DBA1A300A99EE0 /* LaunchScreen.storyboard in Resources */,
				FF66079720DBA1A300A99EE0 /* Assets.xcassets in Resources */,
				FF66080520DBA8B000A99EE0 /* viola_test.js in Resources */,
				FF17DDF920E3D4ED008F29B3 /* viola_main.js in Resources */,
				FF66079520DBA1A300A99EE0 /* Main.storyboard in Resources */,
			);
			runOnlyForDeploymentPostprocessing = 0;
		};
		FF6607A020DBA1A300A99EE0 /* Resources */ = {
			isa = PBXResourcesBuildPhase;
			buildActionMask = 2147483647;
			files = (
			);
			runOnlyForDeploymentPostprocessing = 0;
		};
		FF6607AB20DBA1A300A99EE0 /* Resources */ = {
			isa = PBXResourcesBuildPhase;
			buildActionMask = 2147483647;
			files = (
			);
			runOnlyForDeploymentPostprocessing = 0;
		};
/* End PBXResourcesBuildPhase section */

/* Begin PBXShellScriptBuildPhase section */
		3EBEA383DBB4F94D21907AFA /* [CP] Copy Pods Resources */ = {
			isa = PBXShellScriptBuildPhase;
			buildActionMask = 2147483647;
			files = (
			);
			inputPaths = (
			);
			name = "[CP] Copy Pods Resources";
			outputPaths = (
			);
			runOnlyForDeploymentPostprocessing = 0;
			shellPath = /bin/sh;
			shellScript = "\"${SRCROOT}/Pods/Target Support Files/Pods-ViolaSDK/Pods-ViolaSDK-resources.sh\"\n";
			showEnvVarsInLog = 0;
		};
		710BACF7EAA8A62EE35C4C91 /* [CP] Check Pods Manifest.lock */ = {
			isa = PBXShellScriptBuildPhase;
			buildActionMask = 2147483647;
			files = (
			);
			inputPaths = (
				"${PODS_PODFILE_DIR_PATH}/Podfile.lock",
				"${PODS_ROOT}/Manifest.lock",
			);
			name = "[CP] Check Pods Manifest.lock";
			outputPaths = (
				"$(DERIVED_FILE_DIR)/Pods-ViolaSDK-checkManifestLockResult.txt",
			);
			runOnlyForDeploymentPostprocessing = 0;
			shellPath = /bin/sh;
			shellScript = "diff \"${PODS_PODFILE_DIR_PATH}/Podfile.lock\" \"${PODS_ROOT}/Manifest.lock\" > /dev/null\nif [ $? != 0 ] ; then\n    # print error to STDERR\n    echo \"error: The sandbox is not in sync with the Podfile.lock. Run 'pod install' or update your CocoaPods installation.\" >&2\n    exit 1\nfi\n# This output is used by Xcode 'outputs' to avoid re-running this script phase.\necho \"SUCCESS\" > \"${SCRIPT_OUTPUT_FILE_0}\"\n";
			showEnvVarsInLog = 0;
		};
		839CEC156DD355689959D9B6 /* [CP] Embed Pods Frameworks */ = {
			isa = PBXShellScriptBuildPhase;
			buildActionMask = 2147483647;
			files = (
			);
			inputPaths = (
			);
			name = "[CP] Embed Pods Frameworks";
			outputPaths = (
			);
			runOnlyForDeploymentPostprocessing = 0;
			shellPath = /bin/sh;
			shellScript = "\"${SRCROOT}/Pods/Target Support Files/Pods-ViolaSDK/Pods-ViolaSDK-frameworks.sh\"\n";
			showEnvVarsInLog = 0;
		};
/* End PBXShellScriptBuildPhase section */

/* Begin PBXSourcesBuildPhase section */
		FF66078620DBA1A300A99EE0 /* Sources */ = {
			isa = PBXSourcesBuildPhase;
			buildActionMask = 2147483647;
			files = (
				FFF1D5C920ECC856002F4A81 /* VABundleManager.m in Sources */,
				FF760ED620EA7B5E001949F0 /* VAScrollerComponent.m in Sources */,
				FFB278C220DE9C41009FD859 /* VAComponent+layout.m in Sources */,
				FF6607F320DBA23B00A99EE0 /* VAMethod.m in Sources */,
				2D1B694C20EB877C00F03E33 /* VAWrapView.m in Sources */,
				FF66079220DBA1A300A99EE0 /* ViewController.m in Sources */,
				FF6607F120DBA23B00A99EE0 /* VAComponent.m in Sources */,
				FF6607EE20DBA23B00A99EE0 /* ViolaEngine.m in Sources */,
				FFB278C720E0F6C9009FD859 /* VAComponent+view.m in Sources */,
				FF6607F420DBA23B00A99EE0 /* VAJSBridge.m in Sources */,
				FF6607FF20DBA23B00A99EE0 /* VARootView.m in Sources */,
				FFF1D5DA20ED0CC2002F4A81 /* VAAnimationModule.m in Sources */,
				FFF1D5D720ED0B03002F4A81 /* VAHttpModule.m in Sources */,
				FF760ECF20E9CE5A001949F0 /* VAImageComponent.m in Sources */,
				FF6607FB20DBA23B00A99EE0 /* VARegisterManager.m in Sources */,
				FFBC38D720E5FAE300D3D806 /* VATextComponent.m in Sources */,
				FF6607FE20DBA23B00A99EE0 /* VAInstanceManager.m in Sources */,
				FF6607FA20DBA23B00A99EE0 /* VAUtil.m in Sources */,
				FF6607FD20DBA23B00A99EE0 /* VABridgeManager.m in Sources */,
				FFB278B520DE463C009FD859 /* VADivComponent.m in Sources */,
				FFF1D5C520EC9A09002F4A81 /* VAViewController.m in Sources */,
				FF6607EF20DBA23B00A99EE0 /* ViolaInstance.m in Sources */,
				FF6607F820DBA23B00A99EE0 /* VAConvertUtl.m in Sources */,
				FF6607FC20DBA23B00A99EE0 /* VAThreadManager.m in Sources */,
				FF66079D20DBA1A300A99EE0 /* main.m in Sources */,
				2D1B694920E9FEA200F03E33 /* VAImageHandler.m in Sources */,
				FFF1D5CF20ECE536002F4A81 /* QLXHttpRequest.m in Sources */,
				FFF1D5D020ECE536002F4A81 /* QLXHttpRequestTool.m in Sources */,
				FFBC38D420E5FA2100D3D806 /* RIJAsyncLabel.m in Sources */,
				FF6607F020DBA23B00A99EE0 /* VAComponentController.m in Sources */,
				FFF1D5C220EC99D3002F4A81 /* VABaseViewController.m in Sources */,
				FF66078F20DBA1A300A99EE0 /* AppDelegate.m in Sources */,
				FFB278CD20E12822009FD859 /* VAComponent+event.m in Sources */,
				FF6607F620DBA23B00A99EE0 /* VADomModule.m in Sources */,
				FFB278CA20E0FD14009FD859 /* VAWeakObject.m in Sources */,
				C6B2FAAE20EBBD0E005453DF /* VAModalUIModule.m in Sources */,
				FF6607F220DBA23B00A99EE0 /* VABridgeCategory.m in Sources */,
				FFB278BC20DE9AED009FD859 /* Layout.c in Sources */,
				FFB2793820E206AB009FD859 /* TestViewController.m in Sources */,
				FF6607F520DBA23B00A99EE0 /* VAJSContext.m in Sources */,
				FF6607F920DBA23B00A99EE0 /* VALog.m in Sources */,
			);
			runOnlyForDeploymentPostprocessing = 0;
		};
		FF66079E20DBA1A300A99EE0 /* Sources */ = {
			isa = PBXSourcesBuildPhase;
			buildActionMask = 2147483647;
			files = (
				FF6607A720DBA1A300A99EE0 /* ViolaSDKTests.m in Sources */,
			);
			runOnlyForDeploymentPostprocessing = 0;
		};
		FF6607A920DBA1A300A99EE0 /* Sources */ = {
			isa = PBXSourcesBuildPhase;
			buildActionMask = 2147483647;
			files = (
				FF6607B220DBA1A300A99EE0 /* ViolaSDKUITests.m in Sources */,
			);
			runOnlyForDeploymentPostprocessing = 0;
		};
/* End PBXSourcesBuildPhase section */

/* Begin PBXTargetDependency section */
		FF6607A420DBA1A300A99EE0 /* PBXTargetDependency */ = {
			isa = PBXTargetDependency;
			target = FF66078920DBA1A300A99EE0 /* ViolaSDK */;
			targetProxy = FF6607A320DBA1A300A99EE0 /* PBXContainerItemProxy */;
		};
		FF6607AF20DBA1A300A99EE0 /* PBXTargetDependency */ = {
			isa = PBXTargetDependency;
			target = FF66078920DBA1A300A99EE0 /* ViolaSDK */;
			targetProxy = FF6607AE20DBA1A300A99EE0 /* PBXContainerItemProxy */;
		};
/* End PBXTargetDependency section */

/* Begin PBXVariantGroup section */
		FF66079320DBA1A300A99EE0 /* Main.storyboard */ = {
			isa = PBXVariantGroup;
			children = (
				FF66079420DBA1A300A99EE0 /* Base */,
			);
			name = Main.storyboard;
			sourceTree = "<group>";
		};
		FF66079820DBA1A300A99EE0 /* LaunchScreen.storyboard */ = {
			isa = PBXVariantGroup;
			children = (
				FF66079920DBA1A300A99EE0 /* Base */,
			);
			name = LaunchScreen.storyboard;
			sourceTree = "<group>";
		};
/* End PBXVariantGroup section */

/* Begin XCBuildConfiguration section */
		FF6607B420DBA1A300A99EE0 /* Debug */ = {
			isa = XCBuildConfiguration;
			buildSettings = {
				ALWAYS_SEARCH_USER_PATHS = NO;
				CLANG_ANALYZER_NONNULL = YES;
				CLANG_ANALYZER_NUMBER_OBJECT_CONVERSION = YES_AGGRESSIVE;
				CLANG_CXX_LANGUAGE_STANDARD = "gnu++14";
				CLANG_CXX_LIBRARY = "libc++";
				CLANG_ENABLE_MODULES = YES;
				CLANG_ENABLE_OBJC_ARC = YES;
				CLANG_WARN_BLOCK_CAPTURE_AUTORELEASING = YES;
				CLANG_WARN_BOOL_CONVERSION = YES;
				CLANG_WARN_COMMA = YES;
				CLANG_WARN_CONSTANT_CONVERSION = YES;
				CLANG_WARN_DIRECT_OBJC_ISA_USAGE = YES_ERROR;
				CLANG_WARN_DOCUMENTATION_COMMENTS = YES;
				CLANG_WARN_EMPTY_BODY = YES;
				CLANG_WARN_ENUM_CONVERSION = YES;
				CLANG_WARN_INFINITE_RECURSION = YES;
				CLANG_WARN_INT_CONVERSION = YES;
				CLANG_WARN_NON_LITERAL_NULL_CONVERSION = YES;
				CLANG_WARN_OBJC_LITERAL_CONVERSION = YES;
				CLANG_WARN_OBJC_ROOT_CLASS = YES_ERROR;
				CLANG_WARN_RANGE_LOOP_ANALYSIS = YES;
				CLANG_WARN_STRICT_PROTOTYPES = YES;
				CLANG_WARN_SUSPICIOUS_MOVE = YES;
				CLANG_WARN_UNGUARDED_AVAILABILITY = YES_AGGRESSIVE;
				CLANG_WARN_UNREACHABLE_CODE = YES;
				CLANG_WARN__DUPLICATE_METHOD_MATCH = YES;
				CODE_SIGN_IDENTITY = "iPhone Developer";
				COPY_PHASE_STRIP = NO;
				DEBUG_INFORMATION_FORMAT = dwarf;
				ENABLE_STRICT_OBJC_MSGSEND = YES;
				ENABLE_TESTABILITY = YES;
				GCC_C_LANGUAGE_STANDARD = gnu11;
				GCC_DYNAMIC_NO_PIC = NO;
				GCC_NO_COMMON_BLOCKS = YES;
				GCC_OPTIMIZATION_LEVEL = 0;
				GCC_PREPROCESSOR_DEFINITIONS = (
					"DEBUG=1",
					"$(inherited)",
				);
				GCC_WARN_64_TO_32_BIT_CONVERSION = YES;
				GCC_WARN_ABOUT_RETURN_TYPE = YES_ERROR;
				GCC_WARN_UNDECLARED_SELECTOR = YES;
				GCC_WARN_UNINITIALIZED_AUTOS = YES_AGGRESSIVE;
				GCC_WARN_UNUSED_FUNCTION = YES;
				GCC_WARN_UNUSED_VARIABLE = YES;
				IPHONEOS_DEPLOYMENT_TARGET = 8.0;
				MTL_ENABLE_DEBUG_INFO = YES;
				ONLY_ACTIVE_ARCH = YES;
				SDKROOT = iphoneos;
			};
			name = Debug;
		};
		FF6607B520DBA1A300A99EE0 /* Release */ = {
			isa = XCBuildConfiguration;
			buildSettings = {
				ALWAYS_SEARCH_USER_PATHS = NO;
				CLANG_ANALYZER_NONNULL = YES;
				CLANG_ANALYZER_NUMBER_OBJECT_CONVERSION = YES_AGGRESSIVE;
				CLANG_CXX_LANGUAGE_STANDARD = "gnu++14";
				CLANG_CXX_LIBRARY = "libc++";
				CLANG_ENABLE_MODULES = YES;
				CLANG_ENABLE_OBJC_ARC = YES;
				CLANG_WARN_BLOCK_CAPTURE_AUTORELEASING = YES;
				CLANG_WARN_BOOL_CONVERSION = YES;
				CLANG_WARN_COMMA = YES;
				CLANG_WARN_CONSTANT_CONVERSION = YES;
				CLANG_WARN_DIRECT_OBJC_ISA_USAGE = YES_ERROR;
				CLANG_WARN_DOCUMENTATION_COMMENTS = YES;
				CLANG_WARN_EMPTY_BODY = YES;
				CLANG_WARN_ENUM_CONVERSION = YES;
				CLANG_WARN_INFINITE_RECURSION = YES;
				CLANG_WARN_INT_CONVERSION = YES;
				CLANG_WARN_NON_LITERAL_NULL_CONVERSION = YES;
				CLANG_WARN_OBJC_LITERAL_CONVERSION = YES;
				CLANG_WARN_OBJC_ROOT_CLASS = YES_ERROR;
				CLANG_WARN_RANGE_LOOP_ANALYSIS = YES;
				CLANG_WARN_STRICT_PROTOTYPES = YES;
				CLANG_WARN_SUSPICIOUS_MOVE = YES;
				CLANG_WARN_UNGUARDED_AVAILABILITY = YES_AGGRESSIVE;
				CLANG_WARN_UNREACHABLE_CODE = YES;
				CLANG_WARN__DUPLICATE_METHOD_MATCH = YES;
				CODE_SIGN_IDENTITY = "iPhone Developer";
				COPY_PHASE_STRIP = NO;
				DEBUG_INFORMATION_FORMAT = "dwarf-with-dsym";
				ENABLE_NS_ASSERTIONS = NO;
				ENABLE_STRICT_OBJC_MSGSEND = YES;
				GCC_C_LANGUAGE_STANDARD = gnu11;
				GCC_NO_COMMON_BLOCKS = YES;
				GCC_WARN_64_TO_32_BIT_CONVERSION = YES;
				GCC_WARN_ABOUT_RETURN_TYPE = YES_ERROR;
				GCC_WARN_UNDECLARED_SELECTOR = YES;
				GCC_WARN_UNINITIALIZED_AUTOS = YES_AGGRESSIVE;
				GCC_WARN_UNUSED_FUNCTION = YES;
				GCC_WARN_UNUSED_VARIABLE = YES;
				IPHONEOS_DEPLOYMENT_TARGET = 8.0;
				MTL_ENABLE_DEBUG_INFO = NO;
				SDKROOT = iphoneos;
				VALIDATE_PRODUCT = YES;
			};
			name = Release;
		};
		FF6607B720DBA1A300A99EE0 /* Debug */ = {
			isa = XCBuildConfiguration;
			baseConfigurationReference = 3BB39F8B722A98E20AF0546B /* Pods-ViolaSDK.debug.xcconfig */;
			buildSettings = {
				ASSETCATALOG_COMPILER_APPICON_NAME = AppIcon;
				"CODE_SIGN_IDENTITY[sdk=iphoneos*]" = "iPhone Developer";
				CODE_SIGN_STYLE = Automatic;
				DEVELOPMENT_TEAM = "";
				INFOPLIST_FILE = ViolaSDK/Info.plist;
				IPHONEOS_DEPLOYMENT_TARGET = 8.0;
				LD_RUNPATH_SEARCH_PATHS = "$(inherited) @executable_path/Frameworks";
				PRODUCT_BUNDLE_IDENTIFIER = com.tencent.kandian.viola.ViolaSDK;
				PRODUCT_NAME = "$(TARGET_NAME)";
				PROVISIONING_PROFILE_SPECIFIER = "";
				TARGETED_DEVICE_FAMILY = 1;
			};
			name = Debug;
		};
		FF6607B820DBA1A300A99EE0 /* Release */ = {
			isa = XCBuildConfiguration;
			baseConfigurationReference = D327B15CF3B1F42B86E46D13 /* Pods-ViolaSDK.release.xcconfig */;
			buildSettings = {
				ASSETCATALOG_COMPILER_APPICON_NAME = AppIcon;
				"CODE_SIGN_IDENTITY[sdk=iphoneos*]" = "iPhone Developer";
				CODE_SIGN_STYLE = Automatic;
				DEVELOPMENT_TEAM = "";
				INFOPLIST_FILE = ViolaSDK/Info.plist;
				IPHONEOS_DEPLOYMENT_TARGET = 8.0;
				LD_RUNPATH_SEARCH_PATHS = "$(inherited) @executable_path/Frameworks";
				PRODUCT_BUNDLE_IDENTIFIER = com.tencent.kandian.viola.ViolaSDK;
				PRODUCT_NAME = "$(TARGET_NAME)";
				PROVISIONING_PROFILE_SPECIFIER = "";
				TARGETED_DEVICE_FAMILY = 1;
			};
			name = Release;
		};
		FF6607BA20DBA1A300A99EE0 /* Debug */ = {
			isa = XCBuildConfiguration;
			buildSettings = {
				BUNDLE_LOADER = "$(TEST_HOST)";
				CODE_SIGN_STYLE = Automatic;
				INFOPLIST_FILE = ViolaSDKTests/Info.plist;
				LD_RUNPATH_SEARCH_PATHS = "$(inherited) @executable_path/Frameworks @loader_path/Frameworks";
				PRODUCT_BUNDLE_IDENTIFIER = com.tencent.kandian.viola.ViolaSDKTests;
				PRODUCT_NAME = "$(TARGET_NAME)";
				TARGETED_DEVICE_FAMILY = "1,2";
				TEST_HOST = "$(BUILT_PRODUCTS_DIR)/ViolaSDK.app/ViolaSDK";
			};
			name = Debug;
		};
		FF6607BB20DBA1A300A99EE0 /* Release */ = {
			isa = XCBuildConfiguration;
			buildSettings = {
				BUNDLE_LOADER = "$(TEST_HOST)";
				CODE_SIGN_STYLE = Automatic;
				INFOPLIST_FILE = ViolaSDKTests/Info.plist;
				LD_RUNPATH_SEARCH_PATHS = "$(inherited) @executable_path/Frameworks @loader_path/Frameworks";
				PRODUCT_BUNDLE_IDENTIFIER = com.tencent.kandian.viola.ViolaSDKTests;
				PRODUCT_NAME = "$(TARGET_NAME)";
				TARGETED_DEVICE_FAMILY = "1,2";
				TEST_HOST = "$(BUILT_PRODUCTS_DIR)/ViolaSDK.app/ViolaSDK";
			};
			name = Release;
		};
		FF6607BD20DBA1A300A99EE0 /* Debug */ = {
			isa = XCBuildConfiguration;
			buildSettings = {
				CODE_SIGN_STYLE = Automatic;
				INFOPLIST_FILE = ViolaSDKUITests/Info.plist;
				LD_RUNPATH_SEARCH_PATHS = "$(inherited) @executable_path/Frameworks @loader_path/Frameworks";
				PRODUCT_BUNDLE_IDENTIFIER = com.tencent.kandian.viola.ViolaSDKUITests;
				PRODUCT_NAME = "$(TARGET_NAME)";
				TARGETED_DEVICE_FAMILY = "1,2";
				TEST_TARGET_NAME = ViolaSDK;
			};
			name = Debug;
		};
		FF6607BE20DBA1A300A99EE0 /* Release */ = {
			isa = XCBuildConfiguration;
			buildSettings = {
				CODE_SIGN_STYLE = Automatic;
				INFOPLIST_FILE = ViolaSDKUITests/Info.plist;
				LD_RUNPATH_SEARCH_PATHS = "$(inherited) @executable_path/Frameworks @loader_path/Frameworks";
				PRODUCT_BUNDLE_IDENTIFIER = com.tencent.kandian.viola.ViolaSDKUITests;
				PRODUCT_NAME = "$(TARGET_NAME)";
				TARGETED_DEVICE_FAMILY = "1,2";
				TEST_TARGET_NAME = ViolaSDK;
			};
			name = Release;
		};
/* End XCBuildConfiguration section */

/* Begin XCConfigurationList section */
		FF66078520DBA1A300A99EE0 /* Build configuration list for PBXProject "ViolaSDK" */ = {
			isa = XCConfigurationList;
			buildConfigurations = (
				FF6607B420DBA1A300A99EE0 /* Debug */,
				FF6607B520DBA1A300A99EE0 /* Release */,
			);
			defaultConfigurationIsVisible = 0;
			defaultConfigurationName = Release;
		};
		FF6607B620DBA1A300A99EE0 /* Build configuration list for PBXNativeTarget "ViolaSDK" */ = {
			isa = XCConfigurationList;
			buildConfigurations = (
				FF6607B720DBA1A300A99EE0 /* Debug */,
				FF6607B820DBA1A300A99EE0 /* Release */,
			);
			defaultConfigurationIsVisible = 0;
			defaultConfigurationName = Release;
		};
		FF6607B920DBA1A300A99EE0 /* Build configuration list for PBXNativeTarget "ViolaSDKTests" */ = {
			isa = XCConfigurationList;
			buildConfigurations = (
				FF6607BA20DBA1A300A99EE0 /* Debug */,
				FF6607BB20DBA1A300A99EE0 /* Release */,
			);
			defaultConfigurationIsVisible = 0;
			defaultConfigurationName = Release;
		};
		FF6607BC20DBA1A300A99EE0 /* Build configuration list for PBXNativeTarget "ViolaSDKUITests" */ = {
			isa = XCConfigurationList;
			buildConfigurations = (
				FF6607BD20DBA1A300A99EE0 /* Debug */,
				FF6607BE20DBA1A300A99EE0 /* Release */,
			);
			defaultConfigurationIsVisible = 0;
			defaultConfigurationName = Release;
		};
/* End XCConfigurationList section */
	};
	rootObject = FF66078220DBA1A300A99EE0 /* Project object */;
}
